Microsoft Visual Studio Solution File, Format Version 12.00
# Visual Studio Version 17
VisualStudioVersion = 17.5.2.0
MinimumVisualStudioVersion = 10.0.40219.1
Project("{FAE04EC0-301F-11D3-BF4B-00C04F79EFBC}") = "EmployeeTaskTracker", "EmployeeTaskTracker\EmployeeTaskTracker.csproj", "{AE21E064-7975-4E48-7AA3-1295986E76CA}"
EndProject
Global
	GlobalSection(SolutionConfigurationPlatforms) = preSolution
		Debug|Any CPU = Debug|Any CPU
		Release|Any CPU = Release|Any CPU
	EndGlobalSection
	GlobalSection(ProjectConfigurationPlatforms) = postSolution
		{AE21E064-7975-4E48-7AA3-1295986E76CA}.Debug|Any CPU.ActiveCfg = Debug|Any CPU
		{AE21E064-7975-4E48-7AA3-1295986E76CA}.Debug|Any CPU.Build.0 = Debug|Any CPU
		{AE21E064-7975-4E48-7AA3-1295986E76CA}.Release|Any CPU.ActiveCfg = Release|Any CPU
		{AE21E064-7975-4E48-7AA3-1295986E76CA}.Release|Any CPU.Build.0 = Release|Any CPU
	EndGlobalSection
	GlobalSection(SolutionProperties) = preSolution
		HideSolutionNode = FALSE
	EndGlobalSection
	GlobalSection(ExtensibilityGlobals) = postSolution
		SolutionGuid = {4516FB24-9DB4-4BF3-A801-CC610D20D5C0}
	EndGlobalSection
EndGlobal
